
Microsoft Visual Studio Solution File, Format Version 12.00
# Visual Studio Version 16
VisualStudioVersion = 16.0.29806.167
MinimumVisualStudioVersion = 10.0.40219.1
Project("{9A19103F-16F7-4668-BE54-9A1E7A4F7556}") = "AdminApi", "AdminApi.csproj", "{C3DB66BE-6474-40A5-9413-5D27D531A515}"
EndProject
Project("{FAE04EC0-301F-11D3-BF4B-00C04F79EFBC}") = "ApiUnitTests", "..\ApiUnitTests\ApiUnitTests.csproj", "{778B49A5-6A30-491A-8FB0-6CA516737D18}"
EndProject
Global
	GlobalSection(SolutionConfigurationPlatforms) = preSolution
		Debug|Any CPU = Debug|Any CPU
		Release|Any CPU = Release|Any CPU
	EndGlobalSection
	GlobalSection(ProjectConfigurationPlatforms) = postSolution
		{C3DB66BE-6474-40A5-9413-5D27D531A515}.Debug|Any CPU.ActiveCfg = Debug|Any CPU
		{C3DB66BE-6474-40A5-9413-5D27D531A515}.Debug|Any CPU.Build.0 = Debug|Any CPU
		{C3DB66BE-6474-40A5-9413-5D27D531A515}.Release|Any CPU.ActiveCfg = Release|Any CPU
		{C3DB66BE-6474-40A5-9413-5D27D531A515}.Release|Any CPU.Build.0 = Release|Any CPU
		{778B49A5-6A30-491A-8FB0-6CA516737D18}.Debug|Any CPU.ActiveCfg = Debug|Any CPU
		{778B49A5-6A30-491A-8FB0-6CA516737D18}.Debug|Any CPU.Build.0 = Debug|Any CPU
		{778B49A5-6A30-491A-8FB0-6CA516737D18}.Release|Any CPU.ActiveCfg = Release|Any CPU
		{778B49A5-6A30-491A-8FB0-6CA516737D18}.Release|Any CPU.Build.0 = Release|Any CPU
	EndGlobalSection
	GlobalSection(SolutionProperties) = preSolution
		HideSolutionNode = FALSE
	EndGlobalSection
	GlobalSection(ExtensibilityGlobals) = postSolution
		SolutionGuid = {E496750A-1CCC-4630-AA77-E84DB9883517}
	EndGlobalSection
EndGlobal
