
Microsoft Visual Studio Solution File, Format Version 12.00
# Visual Studio 15
VisualStudioVersion = 15.0.26124.0
MinimumVisualStudioVersion = 15.0.26124.0
Project("{FAE04EC0-301F-11D3-BF4B-00C04F79EFBC}") = "AdminApi", "AdminApi.csproj", "{909FD91C-1333-49CF-9756-83C7E65478DE}"
EndProject
Project("{FAE04EC0-301F-11D3-BF4B-00C04F79EFBC}") = "ApiUnitTests", "UsersAPIUnitTests\ApiUnitTests.csproj", "{4A2BA369-E00B-4FB4-867D-7AA7C4DF057A}"
EndProject
Global
	GlobalSection(SolutionConfigurationPlatforms) = preSolution
		Debug|Any CPU = Debug|Any CPU
		Debug|x64 = Debug|x64
		Debug|x86 = Debug|x86
		Release|Any CPU = Release|Any CPU
		Release|x64 = Release|x64
		Release|x86 = Release|x86
	EndGlobalSection
	GlobalSection(SolutionProperties) = preSolution
		HideSolutionNode = FALSE
	EndGlobalSection
	GlobalSection(ProjectConfigurationPlatforms) = postSolution
		{909FD91C-1333-49CF-9756-83C7E65478DE}.Debug|Any CPU.ActiveCfg = Debug|Any CPU
		{909FD91C-1333-49CF-9756-83C7E65478DE}.Debug|Any CPU.Build.0 = Debug|Any CPU
		{909FD91C-1333-49CF-9756-83C7E65478DE}.Debug|x64.ActiveCfg = Debug|Any CPU
		{909FD91C-1333-49CF-9756-83C7E65478DE}.Debug|x64.Build.0 = Debug|Any CPU
		{909FD91C-1333-49CF-9756-83C7E65478DE}.Debug|x86.ActiveCfg = Debug|Any CPU
		{909FD91C-1333-49CF-9756-83C7E65478DE}.Debug|x86.Build.0 = Debug|Any CPU
		{909FD91C-1333-49CF-9756-83C7E65478DE}.Release|Any CPU.ActiveCfg = Release|Any CPU
		{909FD91C-1333-49CF-9756-83C7E65478DE}.Release|Any CPU.Build.0 = Release|Any CPU
		{909FD91C-1333-49CF-9756-83C7E65478DE}.Release|x64.ActiveCfg = Release|Any CPU
		{909FD91C-1333-49CF-9756-83C7E65478DE}.Release|x64.Build.0 = Release|Any CPU
		{909FD91C-1333-49CF-9756-83C7E65478DE}.Release|x86.ActiveCfg = Release|Any CPU
		{909FD91C-1333-49CF-9756-83C7E65478DE}.Release|x86.Build.0 = Release|Any CPU
		{4A2BA369-E00B-4FB4-867D-7AA7C4DF057A}.Debug|Any CPU.ActiveCfg = Debug|Any CPU
		{4A2BA369-E00B-4FB4-867D-7AA7C4DF057A}.Debug|Any CPU.Build.0 = Debug|Any CPU
		{4A2BA369-E00B-4FB4-867D-7AA7C4DF057A}.Debug|x64.ActiveCfg = Debug|Any CPU
		{4A2BA369-E00B-4FB4-867D-7AA7C4DF057A}.Debug|x64.Build.0 = Debug|Any CPU
		{4A2BA369-E00B-4FB4-867D-7AA7C4DF057A}.Debug|x86.ActiveCfg = Debug|Any CPU
		{4A2BA369-E00B-4FB4-867D-7AA7C4DF057A}.Debug|x86.Build.0 = Debug|Any CPU
		{4A2BA369-E00B-4FB4-867D-7AA7C4DF057A}.Release|Any CPU.ActiveCfg = Release|Any CPU
		{4A2BA369-E00B-4FB4-867D-7AA7C4DF057A}.Release|Any CPU.Build.0 = Release|Any CPU
		{4A2BA369-E00B-4FB4-867D-7AA7C4DF057A}.Release|x64.ActiveCfg = Release|Any CPU
		{4A2BA369-E00B-4FB4-867D-7AA7C4DF057A}.Release|x64.Build.0 = Release|Any CPU
		{4A2BA369-E00B-4FB4-867D-7AA7C4DF057A}.Release|x86.ActiveCfg = Release|Any CPU
		{4A2BA369-E00B-4FB4-867D-7AA7C4DF057A}.Release|x86.Build.0 = Release|Any CPU
	EndGlobalSection
EndGlobal
